lockfileVersion: '9.0'

settings:
  autoInstallPeers: true
  excludeLinksFromLockfile: false

importers:

  .:
    dependencies:
      '@app-usagemonitor/accounting':
        specifier: workspace:*
        version: link:packages/accounting
      '@app-usagemonitor/i18n':
        specifier: workspace:*
        version: link:packages/i18n
      '@app-usagemonitor/identity-core':
        specifier: workspace:*
        version: link:packages/identity-core
      '@app-usagemonitor/quota-analysis':
        specifier: workspace:*
        version: link:packages/quota-analysis
      '@app-usagemonitor/telemetry-contract':
        specifier: workspace:*
        version: link:packages/telemetry-contract
      '@github/keytar':
        specifier: 7.10.6
        version: 7.10.6
      ajv:
        specifier: ^8.20.0
        version: 8.20.0
      ccusage:
        specifier: 20.0.18
        version: 20.0.18
      runcost:
        specifier: 0.2.1
        version: 0.2.1
    devDependencies:
      es-module-lexer:
        specifier: 2.3.1
        version: 2.3.1
      fast-check:
        specifier: ^4.9.0
        version: 4.9.0

  packages/accounting:
    dependencies:
      runcost:
        specifier: 0.2.1
        version: 0.2.1

  packages/i18n: {}

  packages/identity-core: {}

  packages/quota-analysis: {}

  packages/telemetry-contract: {}

packages:

  '@ccusage/ccusage-darwin-arm64@20.0.18':
    resolution: {integrity: sha512-3Uv3ED3RyepxNyYYU/BGqfzsL+yWkzxb9gETDLn6DR1umMmoLBLz2bzOfHe1tFXpDEBcx75cj70P4Mq4WEJ/Kg==}
    cpu: [arm64]
    os: [darwin]

  '@ccusage/ccusage-darwin-x64@20.0.18':
    resolution: {integrity: sha512-Y2NWvCsRkhbakBj0Pn9NReQnaJfsGEQRV+q4moUuVAHe2Hh40IwBjCMv5NVECHNU1TJT73WIxHpfC3mcIDL3Pw==}
    cpu: [x64]
    os: [darwin]

  '@ccusage/ccusage-linux-arm64@20.0.18':
    resolution: {integrity: sha512-55gGCy13tLmPV9sxRBHP5Jf6o/1hrIF4KUk/0BoawSrOPbSOQZG+8qGXTILNxrOZ4YLmPB2srTMd2vq+6K+LcA==}
    cpu: [arm64]
    os: [linux]

  '@ccusage/ccusage-linux-x64@20.0.18':
    resolution: {integrity: sha512-3bF4ZY/JFRc/kZTagriV4Mr1kmItzMM4kZHd+S3eD8Yg7KI2X4j+0n4TMO8yqgJ6aDwdj0QvhSTW7qcp0rXdCw==}
    cpu: [x64]
    os: [linux]

  '@ccusage/ccusage-win32-arm64@20.0.18':
    resolution: {integrity: sha512-Iaxx9Td97M2cVrMpGRrSPTdtpFzw/Ku+lpRYlYlbnFM3AdQ+wlD3xzaYsQ+OdlmPS2DSgHzt3Cob4fgIhvHpbA==}
    cpu: [arm64]
    os: [win32]

  '@ccusage/ccusage-win32-x64@20.0.18':
    resolution: {integrity: sha512-2DaCLgoVsVfxijdrOupR3+x4tbPJTmdIcIVyxkzMRJAa5U6dIWzc/WBtaDruir/CfTrwyZvj1CPdfKVTKDoCDA==}
    cpu: [x64]
    os: [win32]

  '@github/keytar@7.10.6':
    resolution: {integrity: sha512-mRW6cUsSG+nj4jp5gp8e91zPySaT73r+2JM6VyMZfrEgksjPmjSMr+tPGNOK3HUHV+GUU9B1LAiiYy/wmAnIxA==}

  ajv@8.20.0:
    resolution: {integrity: sha512-Thbli+OlOj+iMPYFBVBfJ3OmCAnaSyNn4M1vz9T6Gka5Jt9ba/HIR56joy65tY6kx/FCF5VXNB819Y7/GUrBGA==}

  ccusage@20.0.18:
    resolution: {integrity: sha512-/81kwSZg487xoHQadEdcP4hqw9GICkaPtVjSM1HHJ4nBplUByX9tSZF7YIaQQWMcWZ5Gzt0cD2yDEFrgcAkrZg==}
    hasBin: true

  es-module-lexer@2.3.1:
    resolution: {integrity: sha512-shc1dbU90Yl/xq1QrC7QRtfcwURZuVRfPhZbDoldJ1cn1gzDvBaBWlv0eFolj5+0znnPJz5TXLxsN77X/12KTA==}

  fast-check@4.9.0:
    resolution: {integrity: sha512-7ms6T7SybUev/PQITciI0yLM2pOSFy5zpG8Ty7tQofcVaQUvrMXp6CBwqF6fThLCLOrfBtuHAtwq6Yu4XPCllg==}
    engines: {node: '>=12.17.0'}

  fast-deep-equal@3.1.3:
    resolution: {integrity: sha512-f3qQ9oQy9j2AhBe/H9VC91wLmKBCCU/gDOnKNAYG5hswO7BLKj09Hc5HYNz9cGI++xlpDCIgDaitVs03ATR84Q==}

  fast-uri@3.1.6:
    resolution: {integrity: sha512-7Ical1vFEMr0onbVzEDIreM22I4khW+fzyQPwvAFWBp1iwdshSZRsL4jjRvPG9JP1uiqMHRto+YU6R2/CzDz5Q==}

  json-schema-traverse@1.0.0:
    resolution: {integrity: sha512-NM8/P9n3XjXhIZn1lLhkFaACTOURQXjWhV4BA/RnOv8xvgqtqpAX9IO4mRQxSx1Rlo4tqzeqb0sOlruaOy3dug==}

  node-addon-api@8.9.0:
    resolution: {integrity: sha512-ekZMeaaIzSQTSpr7X2X3iJM7lTzgnx8ahAG9pJfT/7+14mlEM8ZYQ9cgCDvSSRbReFK0oHli3WrZdCiRsgAT9Q==}
    engines: {node: ^18 || ^20 || >= 21}

  pure-rand@8.4.2:
    resolution: {integrity: sha512-vvuOGgcuPJAirlHvuQw1TrOiw7ptaIXXmIbNuiNOY6lNGJJH49PQ1Kj4nd783nPdQhQdicgOjVI2yI/9BD6/Ng==}

  require-from-string@2.0.2:
    resolution: {integrity: sha512-Xf0nWe6RseziFMu+Ap9biiUbmplq6S9/p+7w7YXP/JBHhrUDDUhwa+vANyubuqfZWTveU//DYVGsDG7RKL/vEw==}
    engines: {node: '>=0.10.0'}

  runcost@0.2.1:
    resolution: {integrity: sha512-+t34HDxIxdZcQ7PYACx/DNlMpYKOVu0/svwCtpPC1fpV1Nkyb0xhSwm1gkRVTeKlHpm/pB2W2kPnssspCCzHlA==}
    engines: {node: '>=20'}
    hasBin: true

snapshots:

  '@ccusage/ccusage-darwin-arm64@20.0.18':
    optional: true

  '@ccusage/ccusage-darwin-x64@20.0.18':
    optional: true

  '@ccusage/ccusage-linux-arm64@20.0.18':
    optional: true

  '@ccusage/ccusage-linux-x64@20.0.18':
    optional: true

  '@ccusage/ccusage-win32-arm64@20.0.18':
    optional: true

  '@ccusage/ccusage-win32-x64@20.0.18':
    optional: true

  '@github/keytar@7.10.6':
    dependencies:
      node-addon-api: 8.9.0

  ajv@8.20.0:
    dependencies:
      fast-deep-equal: 3.1.3
      fast-uri: 3.1.6
      json-schema-traverse: 1.0.0
      require-from-string: 2.0.2

  ccusage@20.0.18:
    optionalDependencies:
      '@ccusage/ccusage-darwin-arm64': 20.0.18
      '@ccusage/ccusage-darwin-x64': 20.0.18
      '@ccusage/ccusage-linux-arm64': 20.0.18
      '@ccusage/ccusage-linux-x64': 20.0.18
      '@ccusage/ccusage-win32-arm64': 20.0.18
      '@ccusage/ccusage-win32-x64': 20.0.18

  es-module-lexer@2.3.1: {}

  fast-check@4.9.0:
    dependencies:
      pure-rand: 8.4.2

  fast-deep-equal@3.1.3: {}

  fast-uri@3.1.6: {}

  json-schema-traverse@1.0.0: {}

  node-addon-api@8.9.0: {}

  pure-rand@8.4.2: {}

  require-from-string@2.0.2: {}

  runcost@0.2.1: {}
